
Microsoft Visual Studio Solution File, Format Version 12.00
# Visual Studio Version 16
VisualStudioVersion = 16.0.29230.47
MinimumVisualStudioVersion = 10.0.40219.1
Project("{8BC9CEB8-8B4A-11D0-8D11-00A0C91BC942}") = "ConsoleApplication2", "ConsoleApplication2\ConsoleApplication2.vcxproj", "{ECF7E98B-C75A-4349-8CD2-AA8C34389C08}"
EndProject
Project("{8BC9CEB8-8B4A-11D0-8D11-00A0C91BC942}") = "Project1", "Project1\Project1.vcxproj", "{6CAE7866-9540-430D-A206-E4F7DEAF9624}"
EndProject
Project("{8BC9CEB8-8B4A-11D0-8D11-00A0C91BC942}") = "Project2", "Project2\Project2.vcxproj", "{BD59954C-6534-4B0C-A206-6FB16A011F2C}"
EndProject
Project("{8BC9CEB8-8B4A-11D0-8D11-00A0C91BC942}") = "Project3", "Project3\Project3.vcxproj", "{9A1024E5-76C2-4152-8041-5437DDA46729}"
EndProject
Global
	GlobalSection(SolutionConfigurationPlatforms) = preSolution
		Debug|x64 = Debug|x64
		Debug|x86 = Debug|x86
		Release|x64 = Release|x64
		Release|x86 = Release|x86
	EndGlobalSection
	GlobalSection(ProjectConfigurationPlatforms) = postSolution
		{ECF7E98B-C75A-4349-8CD2-AA8C34389C08}.Debug|x64.ActiveCfg = Debug|x64
		{ECF7E98B-C75A-4349-8CD2-AA8C34389C08}.Debug|x64.Build.0 = Debug|x64
		{ECF7E98B-C75A-4349-8CD2-AA8C34389C08}.Debug|x86.ActiveCfg = Debug|Win32
		{ECF7E98B-C75A-4349-8CD2-AA8C34389C08}.Debug|x86.Build.0 = Debug|Win32
		{ECF7E98B-C75A-4349-8CD2-AA8C34389C08}.Release|x64.ActiveCfg = Release|x64
		{ECF7E98B-C75A-4349-8CD2-AA8C34389C08}.Release|x64.Build.0 = Release|x64
		{ECF7E98B-C75A-4349-8CD2-AA8C34389C08}.Release|x86.ActiveCfg = Release|Win32
		{ECF7E98B-C75A-4349-8CD2-AA8C34389C08}.Release|x86.Build.0 = Release|Win32
		{6CAE7866-9540-430D-A206-E4F7DEAF9624}.Debug|x64.ActiveCfg = Debug|x64
		{6CAE7866-9540-430D-A206-E4F7DEAF9624}.Debug|x64.Build.0 = Debug|x64
		{6CAE7866-9540-430D-A206-E4F7DEAF9624}.Debug|x86.ActiveCfg = Debug|Win32
		{6CAE7866-9540-430D-A206-E4F7DEAF9624}.Debug|x86.Build.0 = Debug|Win32
		{6CAE7866-9540-430D-A206-E4F7DEAF9624}.Release|x64.ActiveCfg = Release|x64
		{6CAE7866-9540-430D-A206-E4F7DEAF9624}.Release|x64.Build.0 = Release|x64
		{6CAE7866-9540-430D-A206-E4F7DEAF9624}.Release|x86.ActiveCfg = Release|Win32
		{6CAE7866-9540-430D-A206-E4F7DEAF9624}.Release|x86.Build.0 = Release|Win32
		{BD59954C-6534-4B0C-A206-6FB16A011F2C}.Debug|x64.ActiveCfg = Debug|x64
		{BD59954C-6534-4B0C-A206-6FB16A011F2C}.Debug|x64.Build.0 = Debug|x64
		{BD59954C-6534-4B0C-A206-6FB16A011F2C}.Debug|x86.ActiveCfg = Debug|Win32
		{BD59954C-6534-4B0C-A206-6FB16A011F2C}.Debug|x86.Build.0 = Debug|Win32
		{BD59954C-6534-4B0C-A206-6FB16A011F2C}.Release|x64.ActiveCfg = Release|x64
		{BD59954C-6534-4B0C-A206-6FB16A011F2C}.Release|x64.Build.0 = Release|x64
		{BD59954C-6534-4B0C-A206-6FB16A011F2C}.Release|x86.ActiveCfg = Release|Win32
		{BD59954C-6534-4B0C-A206-6FB16A011F2C}.Release|x86.Build.0 = Release|Win32
		{9A1024E5-76C2-4152-8041-5437DDA46729}.Debug|x64.ActiveCfg = Debug|x64
		{9A1024E5-76C2-4152-8041-5437DDA46729}.Debug|x64.Build.0 = Debug|x64
		{9A1024E5-76C2-4152-8041-5437DDA46729}.Debug|x86.ActiveCfg = Debug|Win32
		{9A1024E5-76C2-4152-8041-5437DDA46729}.Debug|x86.Build.0 = Debug|Win32
		{9A1024E5-76C2-4152-8041-5437DDA46729}.Release|x64.ActiveCfg = Release|x64
		{9A1024E5-76C2-4152-8041-5437DDA46729}.Release|x64.Build.0 = Release|x64
		{9A1024E5-76C2-4152-8041-5437DDA46729}.Release|x86.ActiveCfg = Release|Win32
		{9A1024E5-76C2-4152-8041-5437DDA46729}.Release|x86.Build.0 = Release|Win32
	EndGlobalSection
	GlobalSection(SolutionProperties) = preSolution
		HideSolutionNode = FALSE
	EndGlobalSection
	GlobalSection(ExtensibilityGlobals) = postSolution
		SolutionGuid = {F644644D-7690-490A-8A54-C12F075DF906}
	EndGlobalSection
EndGlobal
